Microsoft Visual Studio Solution File, Format Version 12.00
# Visual Studio Version 17
VisualStudioVersion = 17.5.2.0
MinimumVisualStudioVersion = 10.0.40219.1
Project("{FAE04EC0-301F-11D3-BF4B-00C04F79EFBC}") = "Decisions.SimpleGraph", "Decisions.SimpleGraph\Decisions.SimpleGraph.csproj", "{75868C9A-FE94-B9E0-3918-9D9F6737C6E1}"
EndProject
Global
	GlobalSection(SolutionConfigurationPlatforms) = preSolution
		Debug|Any CPU = Debug|Any CPU
		Release|Any CPU = Release|Any CPU
	EndGlobalSection
	GlobalSection(ProjectConfigurationPlatforms) = postSolution
		{75868C9A-FE94-B9E0-3918-9D9F6737C6E1}.Debug|Any CPU.ActiveCfg = Debug|Any CPU
		{75868C9A-FE94-B9E0-3918-9D9F6737C6E1}.Debug|Any CPU.Build.0 = Debug|Any CPU
		{75868C9A-FE94-B9E0-3918-9D9F6737C6E1}.Release|Any CPU.ActiveCfg = Release|Any CPU
		{75868C9A-FE94-B9E0-3918-9D9F6737C6E1}.Release|Any CPU.Build.0 = Release|Any CPU
	EndGlobalSection
	GlobalSection(SolutionProperties) = preSolution
		HideSolutionNode = FALSE
	EndGlobalSection
	GlobalSection(ExtensibilityGlobals) = postSolution
		SolutionGuid = {0F2F403F-6E02-4F29-AB65-D4ECFE63EFC2}
	EndGlobalSection
EndGlobal
